<?xml version="1.0" encoding="utf-8"?>
<Project ToolsVersion="4.0" xmlns="http://schemas.microsoft.com/developer/msbuild/2003">
  <ItemGroup>
    <Filter Include="源文件">
      <UniqueIdentifier>{4FC737F1-C7A5-4376-A066-2A32D752A2FF}</UniqueIdentifier>
      <Extensions>cpp;c;cc;cxx;def;odl;idl;hpj;bat;asm;asmx</Extensions>
    </Filter>
    <Filter Include="头文件">
      <UniqueIdentifier>{93995380-89BD-4b04-88EB-625FBE52EBFB}</UniqueIdentifier>
      <Extensions>h;hh;hpp;hxx;hm;inl;inc;ipp;xsd</Extensions>
    </Filter>
    <Filter Include="资源文件">
      <UniqueIdentifier>{67DA6AB6-F800-4c08-8B7A-83BB121AAD01}</UniqueIdentifier>
      <Extensions>rc;ico;cur;bmp;dlg;rc2;rct;bin;rgs;gif;jpg;jpeg;jpe;resx;tiff;tif;png;wav;mfcribbon-ms</Extensions>
    </Filter>
    <Filter Include="源文件\study">
      <UniqueIdentifier>{25b02321-8885-43c2-98e8-6ff0d8df345e}</UniqueIdentifier>
    </Filter>
    <Filter Include="源文件\task">
      <UniqueIdentifier>{ffc94332-db61-42db-9819-4e5c187c46d3}</UniqueIdentifier>
    </Filter>
    <Filter Include="源文件\game">
      <UniqueIdentifier>{ec6b9801-7735-4914-8365-e3cd6697edf3}</UniqueIdentifier>
    </Filter>
  </ItemGroup>
  <ItemGroup>
    <ClCompile Include="test.c">
      <Filter>源文件</Filter>
    </ClCompile>
    <ClCompile Include="study_1.c">
      <Filter>源文件\study</Filter>
    </ClCompile>
    <ClCompile Include="study_2.c">
      <Filter>源文件\study</Filter>
    </ClCompile>
    <ClCompile Include="study_3.c">
      <Filter>源文件\study</Filter>
    </ClCompile>
    <ClCompile Include="szq.c">
      <Filter>源文件\game</Filter>
    </ClCompile>
    <ClCompile Include="sl.c">
      <Filter>源文件\game</Filter>
    </ClCompile>
  </ItemGroup>
  <ItemGroup>
    <ClInclude Include="study_2.h">
      <Filter>头文件</Filter>
    </ClInclude>
    <ClInclude Include="study_3.h">
      <Filter>头文件</Filter>
    </ClInclude>
    <ClInclude Include="szq.h">
      <Filter>头文件</Filter>
    </ClInclude>
    <ClInclude Include="sl.h">
      <Filter>头文件</Filter>
    </ClInclude>
  </ItemGroup>
</Project>